
Microsoft Visual Studio Solution File, Format Version 12.00
# Visual Studio 15
VisualStudioVersion = 15.0.26430.13
MinimumVisualStudioVersion = 10.0.40219.1
Project("{FAE04EC0-301F-11D3-BF4B-00C04F79EFBC}") = "变量", "声明变量\变量.csproj", "{6C2DE543-2657-4814-BBC8-E822135A915A}"
EndProject
Project("{FAE04EC0-301F-11D3-BF4B-00C04F79EFBC}") = "加号应用实例", "加号应用实例\加号应用实例.csproj", "{8F45D2EC-A2C7-40AC-B354-0E40D28CE248}"
EndProject
Project("{FAE04EC0-301F-11D3-BF4B-00C04F79EFBC}") = "交换变量的值", "交换变量的值\交换变量的值.csproj", "{C7540645-3F0C-4723-B379-187D4893FFBA}"
EndProject
Project("{FAE04EC0-301F-11D3-BF4B-00C04F79EFBC}") = "读取用户输入", "读取用户输入\读取用户输入.csproj", "{8E127037-4B9A-43DF-BCEE-D98A7E65C906}"
EndProject
Project("{FAE04EC0-301F-11D3-BF4B-00C04F79EFBC}") = "转义字符", "转义字符\转义字符.csproj", "{7A94D163-0491-4337-B12A-4032255E8EFB}"
EndProject
Project("{FAE04EC0-301F-11D3-BF4B-00C04F79EFBC}") = "算数运算符", "算数运算符\算数运算符.csproj", "{CB981737-F0F6-4660-991A-B55778659738}"
EndProject
Project("{FAE04EC0-301F-11D3-BF4B-00C04F79EFBC}") = "关系运算符", "关系运算符\关系运算符.csproj", "{E7916468-2E68-4EEC-B9C4-F713D9A40558}"
EndProject
Project("{FAE04EC0-301F-11D3-BF4B-00C04F79EFBC}") = "逻辑运算符", "逻辑运算符\逻辑运算符.csproj", "{D9F78ECC-7C67-4D99-8C04-19C0F52BFEB7}"
EndProject
Project("{FAE04EC0-301F-11D3-BF4B-00C04F79EFBC}") = "If语句", "If语句\If语句.csproj", "{FF8FAA56-36C1-4EAE-91DD-CBC65C28CEEB}"
EndProject
Project("{FAE04EC0-301F-11D3-BF4B-00C04F79EFBC}") = "If语句练习", "If语句练习\If语句练习.csproj", "{EF9C8649-919A-443A-B18E-B034AFB06B4A}"
EndProject
Project("{FAE04EC0-301F-11D3-BF4B-00C04F79EFBC}") = "异常处理", "异常处理\异常处理.csproj", "{EB36E7BD-0867-4E41-B291-7BA3260A504F}"
EndProject
Global
	GlobalSection(SolutionConfigurationPlatforms) = preSolution
		Debug|Any CPU = Debug|Any CPU
		Release|Any CPU = Release|Any CPU
	EndGlobalSection
	GlobalSection(ProjectConfigurationPlatforms) = postSolution
		{6C2DE543-2657-4814-BBC8-E822135A915A}.Debug|Any CPU.ActiveCfg = Debug|Any CPU
		{6C2DE543-2657-4814-BBC8-E822135A915A}.Debug|Any CPU.Build.0 = Debug|Any CPU
		{6C2DE543-2657-4814-BBC8-E822135A915A}.Release|Any CPU.ActiveCfg = Release|Any CPU
		{6C2DE543-2657-4814-BBC8-E822135A915A}.Release|Any CPU.Build.0 = Release|Any CPU
		{8F45D2EC-A2C7-40AC-B354-0E40D28CE248}.Debug|Any CPU.ActiveCfg = Debug|Any CPU
		{8F45D2EC-A2C7-40AC-B354-0E40D28CE248}.Debug|Any CPU.Build.0 = Debug|Any CPU
		{8F45D2EC-A2C7-40AC-B354-0E40D28CE248}.Release|Any CPU.ActiveCfg = Release|Any CPU
		{8F45D2EC-A2C7-40AC-B354-0E40D28CE248}.Release|Any CPU.Build.0 = Release|Any CPU
		{C7540645-3F0C-4723-B379-187D4893FFBA}.Debug|Any CPU.ActiveCfg = Debug|Any CPU
		{C7540645-3F0C-4723-B379-187D4893FFBA}.Debug|Any CPU.Build.0 = Debug|Any CPU
		{C7540645-3F0C-4723-B379-187D4893FFBA}.Release|Any CPU.ActiveCfg = Release|Any CPU
		{C7540645-3F0C-4723-B379-187D4893FFBA}.Release|Any CPU.Build.0 = Release|Any CPU
		{8E127037-4B9A-43DF-BCEE-D98A7E65C906}.Debug|Any CPU.ActiveCfg = Debug|Any CPU
		{8E127037-4B9A-43DF-BCEE-D98A7E65C906}.Debug|Any CPU.Build.0 = Debug|Any CPU
		{8E127037-4B9A-43DF-BCEE-D98A7E65C906}.Release|Any CPU.ActiveCfg = Release|Any CPU
		{8E127037-4B9A-43DF-BCEE-D98A7E65C906}.Release|Any CPU.Build.0 = Release|Any CPU
		{7A94D163-0491-4337-B12A-4032255E8EFB}.Debug|Any CPU.ActiveCfg = Debug|Any CPU
		{7A94D163-0491-4337-B12A-4032255E8EFB}.Debug|Any CPU.Build.0 = Debug|Any CPU
		{7A94D163-0491-4337-B12A-4032255E8EFB}.Release|Any CPU.ActiveCfg = Release|Any CPU
		{7A94D163-0491-4337-B12A-4032255E8EFB}.Release|Any CPU.Build.0 = Release|Any CPU
		{CB981737-F0F6-4660-991A-B55778659738}.Debug|Any CPU.ActiveCfg = Debug|Any CPU
		{CB981737-F0F6-4660-991A-B55778659738}.Debug|Any CPU.Build.0 = Debug|Any CPU
		{CB981737-F0F6-4660-991A-B55778659738}.Release|Any CPU.ActiveCfg = Release|Any CPU
		{CB981737-F0F6-4660-991A-B55778659738}.Release|Any CPU.Build.0 = Release|Any CPU
		{E7916468-2E68-4EEC-B9C4-F713D9A40558}.Debug|Any CPU.ActiveCfg = Debug|Any CPU
		{E7916468-2E68-4EEC-B9C4-F713D9A40558}.Debug|Any CPU.Build.0 = Debug|Any CPU
		{E7916468-2E68-4EEC-B9C4-F713D9A40558}.Release|Any CPU.ActiveCfg = Release|Any CPU
		{E7916468-2E68-4EEC-B9C4-F713D9A40558}.Release|Any CPU.Build.0 = Release|Any CPU
		{D9F78ECC-7C67-4D99-8C04-19C0F52BFEB7}.Debug|Any CPU.ActiveCfg = Debug|Any CPU
		{D9F78ECC-7C67-4D99-8C04-19C0F52BFEB7}.Debug|Any CPU.Build.0 = Debug|Any CPU
		{D9F78ECC-7C67-4D99-8C04-19C0F52BFEB7}.Release|Any CPU.ActiveCfg = Release|Any CPU
		{D9F78ECC-7C67-4D99-8C04-19C0F52BFEB7}.Release|Any CPU.Build.0 = Release|Any CPU
		{FF8FAA56-36C1-4EAE-91DD-CBC65C28CEEB}.Debug|Any CPU.ActiveCfg = Debug|Any CPU
		{FF8FAA56-36C1-4EAE-91DD-CBC65C28CEEB}.Debug|Any CPU.Build.0 = Debug|Any CPU
		{FF8FAA56-36C1-4EAE-91DD-CBC65C28CEEB}.Release|Any CPU.ActiveCfg = Release|Any CPU
		{FF8FAA56-36C1-4EAE-91DD-CBC65C28CEEB}.Release|Any CPU.Build.0 = Release|Any CPU
		{EF9C8649-919A-443A-B18E-B034AFB06B4A}.Debug|Any CPU.ActiveCfg = Debug|Any CPU
		{EF9C8649-919A-443A-B18E-B034AFB06B4A}.Debug|Any CPU.Build.0 = Debug|Any CPU
		{EF9C8649-919A-443A-B18E-B034AFB06B4A}.Release|Any CPU.ActiveCfg = Release|Any CPU
		{EF9C8649-919A-443A-B18E-B034AFB06B4A}.Release|Any CPU.Build.0 = Release|Any CPU
		{EB36E7BD-0867-4E41-B291-7BA3260A504F}.Debug|Any CPU.ActiveCfg = Debug|Any CPU
		{EB36E7BD-0867-4E41-B291-7BA3260A504F}.Debug|Any CPU.Build.0 = Debug|Any CPU
		{EB36E7BD-0867-4E41-B291-7BA3260A504F}.Release|Any CPU.ActiveCfg = Release|Any CPU
		{EB36E7BD-0867-4E41-B291-7BA3260A504F}.Release|Any CPU.Build.0 = Release|Any CPU
	EndGlobalSection
	GlobalSection(SolutionProperties) = preSolution
		HideSolutionNode = FALSE
	EndGlobalSection
EndGlobal
